
Microsoft Visual Studio Solution File, Format Version 12.00
# Visual Studio Version 17
VisualStudioVersion = 17.12.35707.178
MinimumVisualStudioVersion = 10.0.40219.1
Project("{FAE04EC0-301F-11D3-BF4B-00C04F79EFBC}") = "KampIntro", "KampIntro\KampIntro.csproj", "{A84D687C-11F0-43FC-8CD5-BE1058F06B19}"
EndProject
Project("{FAE04EC0-301F-11D3-BF4B-00C04F79EFBC}") = "ClassIntro", "ClassIntro\ClassIntro.csproj", "{23931EED-3322-4483-A9BC-2C51520F79DA}"
EndProject
Project("{FAE04EC0-301F-11D3-BF4B-00C04F79EFBC}") = "Metotlar", "Metotlar\Metotlar.csproj", "{CA09ED60-9DE3-47AC-8236-6CA52CC7DD32}"
EndProject
Project("{FAE04EC0-301F-11D3-BF4B-00C04F79EFBC}") = "Matematik", "Matematik\Matematik.csproj", "{7214C819-4345-45AE-A66F-C1ABB48F010F}"
EndProject
Project("{FAE04EC0-301F-11D3-BF4B-00C04F79EFBC}") = "DegerVeReferansTipler", "DegerVeReferansTipler\DegerVeReferansTipler.csproj", "{C1C9467E-265D-4418-AF89-09525BD9409E}"
EndProject
Global
	GlobalSection(SolutionConfigurationPlatforms) = preSolution
		Debug|Any CPU = Debug|Any CPU
		Release|Any CPU = Release|Any CPU
	EndGlobalSection
	GlobalSection(ProjectConfigurationPlatforms) = postSolution
		{A84D687C-11F0-43FC-8CD5-BE1058F06B19}.Debug|Any CPU.ActiveCfg = Debug|Any CPU
		{A84D687C-11F0-43FC-8CD5-BE1058F06B19}.Debug|Any CPU.Build.0 = Debug|Any CPU
		{A84D687C-11F0-43FC-8CD5-BE1058F06B19}.Release|Any CPU.ActiveCfg = Release|Any CPU
		{A84D687C-11F0-43FC-8CD5-BE1058F06B19}.Release|Any CPU.Build.0 = Release|Any CPU
		{23931EED-3322-4483-A9BC-2C51520F79DA}.Debug|Any CPU.ActiveCfg = Debug|Any CPU
		{23931EED-3322-4483-A9BC-2C51520F79DA}.Debug|Any CPU.Build.0 = Debug|Any CPU
		{23931EED-3322-4483-A9BC-2C51520F79DA}.Release|Any CPU.ActiveCfg = Release|Any CPU
		{23931EED-3322-4483-A9BC-2C51520F79DA}.Release|Any CPU.Build.0 = Release|Any CPU
		{CA09ED60-9DE3-47AC-8236-6CA52CC7DD32}.Debug|Any CPU.ActiveCfg = Debug|Any CPU
		{CA09ED60-9DE3-47AC-8236-6CA52CC7DD32}.Debug|Any CPU.Build.0 = Debug|Any CPU
		{CA09ED60-9DE3-47AC-8236-6CA52CC7DD32}.Release|Any CPU.ActiveCfg = Release|Any CPU
		{CA09ED60-9DE3-47AC-8236-6CA52CC7DD32}.Release|Any CPU.Build.0 = Release|Any CPU
		{7214C819-4345-45AE-A66F-C1ABB48F010F}.Debug|Any CPU.ActiveCfg = Debug|Any CPU
		{7214C819-4345-45AE-A66F-C1ABB48F010F}.Debug|Any CPU.Build.0 = Debug|Any CPU
		{7214C819-4345-45AE-A66F-C1ABB48F010F}.Release|Any CPU.ActiveCfg = Release|Any CPU
		{7214C819-4345-45AE-A66F-C1ABB48F010F}.Release|Any CPU.Build.0 = Release|Any CPU
		{C1C9467E-265D-4418-AF89-09525BD9409E}.Debug|Any CPU.ActiveCfg = Debug|Any CPU
		{C1C9467E-265D-4418-AF89-09525BD9409E}.Debug|Any CPU.Build.0 = Debug|Any CPU
		{C1C9467E-265D-4418-AF89-09525BD9409E}.Release|Any CPU.ActiveCfg = Release|Any CPU
		{C1C9467E-265D-4418-AF89-09525BD9409E}.Release|Any CPU.Build.0 = Release|Any CPU
	EndGlobalSection
	GlobalSection(SolutionProperties) = preSolution
		HideSolutionNode = FALSE
	EndGlobalSection
EndGlobal
